
Microsoft Visual Studio Solution File, Format Version 12.00
# Visual Studio Version 17
VisualStudioVersion = 17.12.35707.178
MinimumVisualStudioVersion = 10.0.40219.1
Project("{FAE04EC0-301F-11D3-BF4B-00C04F79EFBC}") = "Dwarf-sMagicShop.API", "src\Dwarf-sMagicShop.API\Dwarf-sMagicShop.API.csproj", "{95100B93-F12A-4ACB-86FA-57FC7994A540}"
EndProject
Project("{E53339B2-1760-4266-BCC7-CA923CBCF16C}") = "docker-compose", "docker-compose.dcproj", "{A8AB7831-FBF9-47F7-BA23-AD15E322F278}"
EndProject
Project("{FAE04EC0-301F-11D3-BF4B-00C04F79EFBC}") = "Dwarf-sMagicShop.UnitTests", "tests\Dwarf-sMagicShop.UnitTests\Dwarf-sMagicShop.UnitTests.csproj", "{20AAC944-01EC-47A7-81D7-24188FF41906}"
	ProjectSection(ProjectDependencies) = postProject
		{1E95E2ED-F249-43AD-A571-012A8D96E223} = {1E95E2ED-F249-43AD-A571-012A8D96E223}
		{3FCE26B8-58CB-4D2A-9BA1-B83ACB929C80} = {3FCE26B8-58CB-4D2A-9BA1-B83ACB929C80}
		{5C51D158-8800-4732-98CA-D3CC97D91273} = {5C51D158-8800-4732-98CA-D3CC97D91273}
		{680A1915-965E-4CE0-ADBE-7D7C317E44AA} = {680A1915-965E-4CE0-ADBE-7D7C317E44AA}
		{6E46EB29-AB75-4BAA-A163-AF1B24F0393A} = {6E46EB29-AB75-4BAA-A163-AF1B24F0393A}
		{D1D8C26C-9F7B-4DA1-A362-19FE1F913A84} = {D1D8C26C-9F7B-4DA1-A362-19FE1F913A84}
	EndProjectSection
EndProject
Project("{FAE04EC0-301F-11D3-BF4B-00C04F79EFBC}") = "Dwarf-sMagicShop.IntegrationTests", "tests\Dwarf-sMagicShop.IntegrationTests\Dwarf-sMagicShop.IntegrationTests.csproj", "{98F1C1A2-BBCF-4ACE-ACBC-C6C71BF96CA1}"
	ProjectSection(ProjectDependencies) = postProject
		{1734735D-A5DF-4DED-8AAB-A32EF1A798DB} = {1734735D-A5DF-4DED-8AAB-A32EF1A798DB}
		{1E95E2ED-F249-43AD-A571-012A8D96E223} = {1E95E2ED-F249-43AD-A571-012A8D96E223}
		{3FCE26B8-58CB-4D2A-9BA1-B83ACB929C80} = {3FCE26B8-58CB-4D2A-9BA1-B83ACB929C80}
		{5C51D158-8800-4732-98CA-D3CC97D91273} = {5C51D158-8800-4732-98CA-D3CC97D91273}
		{680A1915-965E-4CE0-ADBE-7D7C317E44AA} = {680A1915-965E-4CE0-ADBE-7D7C317E44AA}
		{6E46EB29-AB75-4BAA-A163-AF1B24F0393A} = {6E46EB29-AB75-4BAA-A163-AF1B24F0393A}
		{95100B93-F12A-4ACB-86FA-57FC7994A540} = {95100B93-F12A-4ACB-86FA-57FC7994A540}
		{D1D8C26C-9F7B-4DA1-A362-19FE1F913A84} = {D1D8C26C-9F7B-4DA1-A362-19FE1F913A84}
	EndProjectSection
EndProject
Project("{FAE04EC0-301F-11D3-BF4B-00C04F79EFBC}") = "Dwarf-sMagicShop.Core", "src\Dwarf-sMagicShop.Shared\Dwarf-sMagicShop.Core.csproj", "{3FCE26B8-58CB-4D2A-9BA1-B83ACB929C80}"
EndProject
Project("{FAE04EC0-301F-11D3-BF4B-00C04F79EFBC}") = "Dwarf-sMagicShop.Crafters.Domain", "src\Dwarf-sMagicShop.Crafters.Domain\Dwarf-sMagicShop.Crafters.Domain.csproj", "{1734735D-A5DF-4DED-8AAB-A32EF1A798DB}"
EndProject
Project("{FAE04EC0-301F-11D3-BF4B-00C04F79EFBC}") = "Dwarf-sMagicShop.Species.Domain", "src\Dwarf-sMagicShop.Species.Domain\Dwarf-sMagicShop.Species.Domain.csproj", "{6E46EB29-AB75-4BAA-A163-AF1B24F0393A}"
	ProjectSection(ProjectDependencies) = postProject
		{3FCE26B8-58CB-4D2A-9BA1-B83ACB929C80} = {3FCE26B8-58CB-4D2A-9BA1-B83ACB929C80}
	EndProjectSection
EndProject
Project("{FAE04EC0-301F-11D3-BF4B-00C04F79EFBC}") = "Dwarf-sMagicShop.Crafters.Application", "src\Dwarf-sMagicShop.Crafters.Application\Dwarf-sMagicShop.Crafters.Application.csproj", "{1E95E2ED-F249-43AD-A571-012A8D96E223}"
EndProject
Project("{FAE04EC0-301F-11D3-BF4B-00C04F79EFBC}") = "Dwarf-sMagicShop.Crafters.Infrastructure", "src\Dwarf-sMagicShop.Crafters.Infrastructure\Dwarf-sMagicShop.Crafters.Infrastructure.csproj", "{680A1915-965E-4CE0-ADBE-7D7C317E44AA}"
EndProject
Project("{FAE04EC0-301F-11D3-BF4B-00C04F79EFBC}") = "Dwarf-sMagicShop.Species.Infrastructure", "src\Dwarf-sMagicShop.Species.Infrastructure\Dwarf-sMagicShop.Species.Infrastructure.csproj", "{5C51D158-8800-4732-98CA-D3CC97D91273}"
EndProject
Project("{FAE04EC0-301F-11D3-BF4B-00C04F79EFBC}") = "Dwarf-sMagicShop.Species.Application", "src\Dwarf-sMagicShop.Species.Application\Dwarf-sMagicShop.Species.Application.csproj", "{D1D8C26C-9F7B-4DA1-A362-19FE1F913A84}"
EndProject
Project("{2150E333-8FDC-42A3-9474-1A3956D46DE8}") = "Crafters", "Crafters", "{36D591C7-65C7-A0D1-1CBC-10CDE441BDC8}"
EndProject
Project("{2150E333-8FDC-42A3-9474-1A3956D46DE8}") = "Species", "Species", "{046C8D6E-A469-4894-A98C-3B835CCD69D4}"
EndProject
Project("{2150E333-8FDC-42A3-9474-1A3956D46DE8}") = "Shared", "Shared", "{8E84CB3A-3F44-4AC6-9F31-630B064C14A0}"
EndProject
Project("{2150E333-8FDC-42A3-9474-1A3956D46DE8}") = "Tests", "Tests", "{23B290BC-BDFB-4CA1-85E1-87F2F2215ADF}"
EndProject
Project("{2150E333-8FDC-42A3-9474-1A3956D46DE8}") = "Accounts", "Accounts", "{8824C6A7-BA4F-4A33-AA0E-CD6CBA9F6530}"
EndProject
Project("{FAE04EC0-301F-11D3-BF4B-00C04F79EFBC}") = "Dwarf-sMagicShop.Accounts.Infrastructure", "src\Acсounts\Dwarf-sMagicShop.Accounts.Infrastructure\Dwarf-sMagicShop.Accounts.Infrastructure.csproj", "{287ECA04-E4FA-4B81-9F6C-5EFC463ED9A5}"
EndProject
Project("{FAE04EC0-301F-11D3-BF4B-00C04F79EFBC}") = "Dwarf-sMagicShop.Accounts.Domain", "src\Acсounts\Dwarf-sMagicShop.Accounts.Domain\Dwarf-sMagicShop.Accounts.Domain.csproj", "{F0F3EC0D-535C-443C-9EAC-EEF609E804F6}"
EndProject
Project("{FAE04EC0-301F-11D3-BF4B-00C04F79EFBC}") = "Dwarf-sMagicShop.Accounts.Application", "src\Acсounts\Dwarf-sMagicShop.Accounts.Application\Dwarf-sMagicShop.Accounts.Application.csproj", "{FF04C6C7-CF9B-492B-A4D3-BE6894F72C53}"
EndProject
Project("{FAE04EC0-301F-11D3-BF4B-00C04F79EFBC}") = "Dwarfs-Magic-Shop.Contracts", "src\Dwarfs-Magic-Shop.Contracts\Dwarfs-Magic-Shop.Contracts.csproj", "{8EB7363E-0B93-462D-84AC-E8EFDD419639}"
EndProject
Global
	GlobalSection(SolutionConfigurationPlatforms) = preSolution
		Debug|Any CPU = Debug|Any CPU
		Release|Any CPU = Release|Any CPU
	EndGlobalSection
	GlobalSection(ProjectConfigurationPlatforms) = postSolution
		{95100B93-F12A-4ACB-86FA-57FC7994A540}.Debug|Any CPU.ActiveCfg = Debug|Any CPU
		{95100B93-F12A-4ACB-86FA-57FC7994A540}.Debug|Any CPU.Build.0 = Debug|Any CPU
		{95100B93-F12A-4ACB-86FA-57FC7994A540}.Release|Any CPU.ActiveCfg = Release|Any CPU
		{95100B93-F12A-4ACB-86FA-57FC7994A540}.Release|Any CPU.Build.0 = Release|Any CPU
		{A8AB7831-FBF9-47F7-BA23-AD15E322F278}.Debug|Any CPU.ActiveCfg = Debug|Any CPU
		{A8AB7831-FBF9-47F7-BA23-AD15E322F278}.Debug|Any CPU.Build.0 = Debug|Any CPU
		{A8AB7831-FBF9-47F7-BA23-AD15E322F278}.Release|Any CPU.ActiveCfg = Release|Any CPU
		{A8AB7831-FBF9-47F7-BA23-AD15E322F278}.Release|Any CPU.Build.0 = Release|Any CPU
		{20AAC944-01EC-47A7-81D7-24188FF41906}.Debug|Any CPU.ActiveCfg = Debug|Any CPU
		{20AAC944-01EC-47A7-81D7-24188FF41906}.Debug|Any CPU.Build.0 = Debug|Any CPU
		{20AAC944-01EC-47A7-81D7-24188FF41906}.Release|Any CPU.ActiveCfg = Release|Any CPU
		{20AAC944-01EC-47A7-81D7-24188FF41906}.Release|Any CPU.Build.0 = Release|Any CPU
		{98F1C1A2-BBCF-4ACE-ACBC-C6C71BF96CA1}.Debug|Any CPU.ActiveCfg = Debug|Any CPU
		{98F1C1A2-BBCF-4ACE-ACBC-C6C71BF96CA1}.Debug|Any CPU.Build.0 = Debug|Any CPU
		{98F1C1A2-BBCF-4ACE-ACBC-C6C71BF96CA1}.Release|Any CPU.ActiveCfg = Release|Any CPU
		{98F1C1A2-BBCF-4ACE-ACBC-C6C71BF96CA1}.Release|Any CPU.Build.0 = Release|Any CPU
		{3FCE26B8-58CB-4D2A-9BA1-B83ACB929C80}.Debug|Any CPU.ActiveCfg = Debug|Any CPU
		{3FCE26B8-58CB-4D2A-9BA1-B83ACB929C80}.Debug|Any CPU.Build.0 = Debug|Any CPU
		{3FCE26B8-58CB-4D2A-9BA1-B83ACB929C80}.Release|Any CPU.ActiveCfg = Release|Any CPU
		{3FCE26B8-58CB-4D2A-9BA1-B83ACB929C80}.Release|Any CPU.Build.0 = Release|Any CPU
		{1734735D-A5DF-4DED-8AAB-A32EF1A798DB}.Debug|Any CPU.ActiveCfg = Debug|Any CPU
		{1734735D-A5DF-4DED-8AAB-A32EF1A798DB}.Debug|Any CPU.Build.0 = Debug|Any CPU
		{1734735D-A5DF-4DED-8AAB-A32EF1A798DB}.Release|Any CPU.ActiveCfg = Release|Any CPU
		{1734735D-A5DF-4DED-8AAB-A32EF1A798DB}.Release|Any CPU.Build.0 = Release|Any CPU
		{6E46EB29-AB75-4BAA-A163-AF1B24F0393A}.Debug|Any CPU.ActiveCfg = Debug|Any CPU
		{6E46EB29-AB75-4BAA-A163-AF1B24F0393A}.Debug|Any CPU.Build.0 = Debug|Any CPU
		{6E46EB29-AB75-4BAA-A163-AF1B24F0393A}.Release|Any CPU.ActiveCfg = Release|Any CPU
		{6E46EB29-AB75-4BAA-A163-AF1B24F0393A}.Release|Any CPU.Build.0 = Release|Any CPU
		{1E95E2ED-F249-43AD-A571-012A8D96E223}.Debug|Any CPU.ActiveCfg = Debug|Any CPU
		{1E95E2ED-F249-43AD-A571-012A8D96E223}.Debug|Any CPU.Build.0 = Debug|Any CPU
		{1E95E2ED-F249-43AD-A571-012A8D96E223}.Release|Any CPU.ActiveCfg = Release|Any CPU
		{1E95E2ED-F249-43AD-A571-012A8D96E223}.Release|Any CPU.Build.0 = Release|Any CPU
		{680A1915-965E-4CE0-ADBE-7D7C317E44AA}.Debug|Any CPU.ActiveCfg = Debug|Any CPU
		{680A1915-965E-4CE0-ADBE-7D7C317E44AA}.Debug|Any CPU.Build.0 = Debug|Any CPU
		{680A1915-965E-4CE0-ADBE-7D7C317E44AA}.Release|Any CPU.ActiveCfg = Release|Any CPU
		{680A1915-965E-4CE0-ADBE-7D7C317E44AA}.Release|Any CPU.Build.0 = Release|Any CPU
		{5C51D158-8800-4732-98CA-D3CC97D91273}.Debug|Any CPU.ActiveCfg = Debug|Any CPU
		{5C51D158-8800-4732-98CA-D3CC97D91273}.Debug|Any CPU.Build.0 = Debug|Any CPU
		{5C51D158-8800-4732-98CA-D3CC97D91273}.Release|Any CPU.ActiveCfg = Release|Any CPU
		{5C51D158-8800-4732-98CA-D3CC97D91273}.Release|Any CPU.Build.0 = Release|Any CPU
		{D1D8C26C-9F7B-4DA1-A362-19FE1F913A84}.Debug|Any CPU.ActiveCfg = Debug|Any CPU
		{D1D8C26C-9F7B-4DA1-A362-19FE1F913A84}.Debug|Any CPU.Build.0 = Debug|Any CPU
		{D1D8C26C-9F7B-4DA1-A362-19FE1F913A84}.Release|Any CPU.ActiveCfg = Release|Any CPU
		{D1D8C26C-9F7B-4DA1-A362-19FE1F913A84}.Release|Any CPU.Build.0 = Release|Any CPU
		{287ECA04-E4FA-4B81-9F6C-5EFC463ED9A5}.Debug|Any CPU.ActiveCfg = Debug|Any CPU
		{287ECA04-E4FA-4B81-9F6C-5EFC463ED9A5}.Debug|Any CPU.Build.0 = Debug|Any CPU
		{287ECA04-E4FA-4B81-9F6C-5EFC463ED9A5}.Release|Any CPU.ActiveCfg = Release|Any CPU
		{287ECA04-E4FA-4B81-9F6C-5EFC463ED9A5}.Release|Any CPU.Build.0 = Release|Any CPU
		{F0F3EC0D-535C-443C-9EAC-EEF609E804F6}.Debug|Any CPU.ActiveCfg = Debug|Any CPU
		{F0F3EC0D-535C-443C-9EAC-EEF609E804F6}.Debug|Any CPU.Build.0 = Debug|Any CPU
		{F0F3EC0D-535C-443C-9EAC-EEF609E804F6}.Release|Any CPU.ActiveCfg = Release|Any CPU
		{F0F3EC0D-535C-443C-9EAC-EEF609E804F6}.Release|Any CPU.Build.0 = Release|Any CPU
		{FF04C6C7-CF9B-492B-A4D3-BE6894F72C53}.Debug|Any CPU.ActiveCfg = Debug|Any CPU
		{FF04C6C7-CF9B-492B-A4D3-BE6894F72C53}.Debug|Any CPU.Build.0 = Debug|Any CPU
		{FF04C6C7-CF9B-492B-A4D3-BE6894F72C53}.Release|Any CPU.ActiveCfg = Release|Any CPU
		{FF04C6C7-CF9B-492B-A4D3-BE6894F72C53}.Release|Any CPU.Build.0 = Release|Any CPU
		{8EB7363E-0B93-462D-84AC-E8EFDD419639}.Debug|Any CPU.ActiveCfg = Debug|Any CPU
		{8EB7363E-0B93-462D-84AC-E8EFDD419639}.Debug|Any CPU.Build.0 = Debug|Any CPU
		{8EB7363E-0B93-462D-84AC-E8EFDD419639}.Release|Any CPU.ActiveCfg = Release|Any CPU
		{8EB7363E-0B93-462D-84AC-E8EFDD419639}.Release|Any CPU.Build.0 = Release|Any CPU
	EndGlobalSection
	GlobalSection(SolutionProperties) = preSolution
		HideSolutionNode = FALSE
	EndGlobalSection
	GlobalSection(NestedProjects) = preSolution
		{20AAC944-01EC-47A7-81D7-24188FF41906} = {23B290BC-BDFB-4CA1-85E1-87F2F2215ADF}
		{98F1C1A2-BBCF-4ACE-ACBC-C6C71BF96CA1} = {23B290BC-BDFB-4CA1-85E1-87F2F2215ADF}
		{3FCE26B8-58CB-4D2A-9BA1-B83ACB929C80} = {8E84CB3A-3F44-4AC6-9F31-630B064C14A0}
		{1734735D-A5DF-4DED-8AAB-A32EF1A798DB} = {36D591C7-65C7-A0D1-1CBC-10CDE441BDC8}
		{6E46EB29-AB75-4BAA-A163-AF1B24F0393A} = {046C8D6E-A469-4894-A98C-3B835CCD69D4}
		{1E95E2ED-F249-43AD-A571-012A8D96E223} = {36D591C7-65C7-A0D1-1CBC-10CDE441BDC8}
		{680A1915-965E-4CE0-ADBE-7D7C317E44AA} = {36D591C7-65C7-A0D1-1CBC-10CDE441BDC8}
		{5C51D158-8800-4732-98CA-D3CC97D91273} = {046C8D6E-A469-4894-A98C-3B835CCD69D4}
		{D1D8C26C-9F7B-4DA1-A362-19FE1F913A84} = {046C8D6E-A469-4894-A98C-3B835CCD69D4}
		{287ECA04-E4FA-4B81-9F6C-5EFC463ED9A5} = {8824C6A7-BA4F-4A33-AA0E-CD6CBA9F6530}
		{F0F3EC0D-535C-443C-9EAC-EEF609E804F6} = {8824C6A7-BA4F-4A33-AA0E-CD6CBA9F6530}
		{FF04C6C7-CF9B-492B-A4D3-BE6894F72C53} = {8824C6A7-BA4F-4A33-AA0E-CD6CBA9F6530}
		{8EB7363E-0B93-462D-84AC-E8EFDD419639} = {8E84CB3A-3F44-4AC6-9F31-630B064C14A0}
	EndGlobalSection
	GlobalSection(ExtensibilityGlobals) = postSolution
		SolutionGuid = {A504EF4B-03BD-484D-BC1E-E5EFC8A86A46}
	EndGlobalSection
EndGlobal
